
Microsoft Visual Studio Solution File, Format Version 12.00
# Visual Studio Version 17
VisualStudioVersion = 17.8.34330.188
MinimumVisualStudioVersion = 10.0.40219.1
Project("{9A19103F-16F7-4668-BE54-9A1E7A4F7556}") = "AspNetCore_MVC", "AspNetCore_MVC\AspNetCore_MVC.csproj", "{09EF46E7-4091-44CF-9E76-E0A53920887B}"
EndProject
Project("{FAE04EC0-301F-11D3-BF4B-00C04F79EFBC}") = "Infrastructure", "Infrastructure\Infrastructure.csproj", "{6F3638ED-969D-430C-808F-3FF64E64EEB0}"
EndProject
Global
	GlobalSection(SolutionConfigurationPlatforms) = preSolution
		Debug|Any CPU = Debug|Any CPU
		Release|Any CPU = Release|Any CPU
	EndGlobalSection
	GlobalSection(ProjectConfigurationPlatforms) = postSolution
		{09EF46E7-4091-44CF-9E76-E0A53920887B}.Debug|Any CPU.ActiveCfg = Debug|Any CPU
		{09EF46E7-4091-44CF-9E76-E0A53920887B}.Debug|Any CPU.Build.0 = Debug|Any CPU
		{09EF46E7-4091-44CF-9E76-E0A53920887B}.Release|Any CPU.ActiveCfg = Release|Any CPU
		{09EF46E7-4091-44CF-9E76-E0A53920887B}.Release|Any CPU.Build.0 = Release|Any CPU
		{6F3638ED-969D-430C-808F-3FF64E64EEB0}.Debug|Any CPU.ActiveCfg = Debug|Any CPU
		{6F3638ED-969D-430C-808F-3FF64E64EEB0}.Debug|Any CPU.Build.0 = Debug|Any CPU
		{6F3638ED-969D-430C-808F-3FF64E64EEB0}.Release|Any CPU.ActiveCfg = Release|Any CPU
		{6F3638ED-969D-430C-808F-3FF64E64EEB0}.Release|Any CPU.Build.0 = Release|Any CPU
	EndGlobalSection
	GlobalSection(SolutionProperties) = preSolution
		HideSolutionNode = FALSE
	EndGlobalSection
	GlobalSection(ExtensibilityGlobals) = postSolution
		SolutionGuid = {CD6464C5-C8E4-4ED9-AE58-A5A9C6C423E8}
	EndGlobalSection
EndGlobal
